{
  "name": "graphlin",
  "version": "0.3.0",
  "lockfileVersion": 3,
  "requires": true,
  "packages": {
    "": {
      "name": "graphlin",
      "version": "0.3.0",
      "bundleDependencies": [
        "@vscode/tree-sitter-wasm"
      ],
      "license": "MIT",
      "os": [
        "darwin",
        "linux"
      ],
      "dependencies": {
        "@vscode/tree-sitter-wasm": "0.3.1"
      },
      "bin": {
        "graphlin": "scripts/graphlin.mjs"
      },
      "engines": {
        "node": ">=22.14.0"
      }
    },
    "node_modules/@vscode/tree-sitter-wasm": {
      "version": "0.3.1",
      "resolved": "https://registry.npmjs.org/@vscode/tree-sitter-wasm/-/tree-sitter-wasm-0.3.1.tgz",
      "integrity": "sha512-RJFoomET6FajjG511fmQxeBQfU6M24a0aFZPqpid+ttIxanWf1VGytBG0UmsGjt07qmIPJS8U31D+aecuCucsQ==",
      "inBundle": true,
      "license": "MIT"
    }
  }
}
